
Microsoft Visual Studio Solution File, Format Version 12.00
# Visual Studio Version 16
VisualStudioVersion = 16.0.30204.135
MinimumVisualStudioVersion = 10.0.40219.1
Project("{FAE04EC0-301F-11D3-BF4B-00C04F79EFBC}") = "QuotesApp.Android", "QuotesApp.Android\QuotesApp.Android.csproj", "{D8F603B9-B6DF-4564-8A27-BC433A186105}"
EndProject
Project("{FAE04EC0-301F-11D3-BF4B-00C04F79EFBC}") = "QuotesApp.iOS", "QuotesApp.iOS\QuotesApp.iOS.csproj", "{1E8944CA-1C75-4DCD-AE5F-16ED7366F87C}"
EndProject
Project("{FAE04EC0-301F-11D3-BF4B-00C04F79EFBC}") = "QuotesApp", "QuotesApp\QuotesApp.csproj", "{0D60CC85-4893-49CF-937D-54BA4A997D6A}"
EndProject
Global
	GlobalSection(SolutionConfigurationPlatforms) = preSolution
		Debug|Any CPU = Debug|Any CPU
		Debug|iPhone = Debug|iPhone
		Debug|iPhoneSimulator = Debug|iPhoneSimulator
		Release|Any CPU = Release|Any CPU
		Release|iPhone = Release|iPhone
		Release|iPhoneSimulator = Release|iPhoneSimulator
	EndGlobalSection
	GlobalSection(ProjectConfigurationPlatforms) = postSolution
		{D8F603B9-B6DF-4564-8A27-BC433A186105}.Debug|Any CPU.ActiveCfg = Debug|Any CPU
		{D8F603B9-B6DF-4564-8A27-BC433A186105}.Debug|Any CPU.Build.0 = Debug|Any CPU
		{D8F603B9-B6DF-4564-8A27-BC433A186105}.Debug|Any CPU.Deploy.0 = Debug|Any CPU
		{D8F603B9-B6DF-4564-8A27-BC433A186105}.Debug|iPhone.ActiveCfg = Debug|Any CPU
		{D8F603B9-B6DF-4564-8A27-BC433A186105}.Debug|iPhone.Build.0 = Debug|Any CPU
		{D8F603B9-B6DF-4564-8A27-BC433A186105}.Debug|iPhone.Deploy.0 = Debug|Any CPU
		{D8F603B9-B6DF-4564-8A27-BC433A186105}.Debug|iPhoneSimulator.ActiveCfg = Debug|Any CPU
		{D8F603B9-B6DF-4564-8A27-BC433A186105}.Debug|iPhoneSimulator.Build.0 = Debug|Any CPU
		{D8F603B9-B6DF-4564-8A27-BC433A186105}.Debug|iPhoneSimulator.Deploy.0 = Debug|Any CPU
		{D8F603B9-B6DF-4564-8A27-BC433A186105}.Release|Any CPU.ActiveCfg = Release|Any CPU
		{D8F603B9-B6DF-4564-8A27-BC433A186105}.Release|Any CPU.Build.0 = Release|Any CPU
		{D8F603B9-B6DF-4564-8A27-BC433A186105}.Release|Any CPU.Deploy.0 = Release|Any CPU
		{D8F603B9-B6DF-4564-8A27-BC433A186105}.Release|iPhone.ActiveCfg = Release|Any CPU
		{D8F603B9-B6DF-4564-8A27-BC433A186105}.Release|iPhone.Build.0 = Release|Any CPU
		{D8F603B9-B6DF-4564-8A27-BC433A186105}.Release|iPhone.Deploy.0 = Release|Any CPU
		{D8F603B9-B6DF-4564-8A27-BC433A186105}.Release|iPhoneSimulator.ActiveCfg = Release|Any CPU
		{D8F603B9-B6DF-4564-8A27-BC433A186105}.Release|iPhoneSimulator.Build.0 = Release|Any CPU
		{D8F603B9-B6DF-4564-8A27-BC433A186105}.Release|iPhoneSimulator.Deploy.0 = Release|Any CPU
		{1E8944CA-1C75-4DCD-AE5F-16ED7366F87C}.Debug|Any CPU.ActiveCfg = Debug|iPhone
		{1E8944CA-1C75-4DCD-AE5F-16ED7366F87C}.Debug|Any CPU.Build.0 = Debug|iPhone
		{1E8944CA-1C75-4DCD-AE5F-16ED7366F87C}.Debug|Any CPU.Deploy.0 = Debug|iPhone
		{1E8944CA-1C75-4DCD-AE5F-16ED7366F87C}.Debug|iPhone.ActiveCfg = Debug|iPhone
		{1E8944CA-1C75-4DCD-AE5F-16ED7366F87C}.Debug|iPhone.Build.0 = Debug|iPhone
		{1E8944CA-1C75-4DCD-AE5F-16ED7366F87C}.Debug|iPhone.Deploy.0 = Debug|iPhone
		{1E8944CA-1C75-4DCD-AE5F-16ED7366F87C}.Debug|iPhoneSimulator.ActiveCfg = Debug|iPhoneSimulator
		{1E8944CA-1C75-4DCD-AE5F-16ED7366F87C}.Debug|iPhoneSimulator.Build.0 = Debug|iPhoneSimulator
		{1E8944CA-1C75-4DCD-AE5F-16ED7366F87C}.Debug|iPhoneSimulator.Deploy.0 = Debug|iPhoneSimulator
		{1E8944CA-1C75-4DCD-AE5F-16ED7366F87C}.Release|Any CPU.ActiveCfg = Release|iPhone
		{1E8944CA-1C75-4DCD-AE5F-16ED7366F87C}.Release|Any CPU.Build.0 = Release|iPhone
		{1E8944CA-1C75-4DCD-AE5F-16ED7366F87C}.Release|Any CPU.Deploy.0 = Release|iPhone
		{1E8944CA-1C75-4DCD-AE5F-16ED7366F87C}.Release|iPhone.ActiveCfg = Release|iPhone
		{1E8944CA-1C75-4DCD-AE5F-16ED7366F87C}.Release|iPhone.Build.0 = Release|iPhone
		{1E8944CA-1C75-4DCD-AE5F-16ED7366F87C}.Release|iPhone.Deploy.0 = Release|iPhone
		{1E8944CA-1C75-4DCD-AE5F-16ED7366F87C}.Release|iPhoneSimulator.ActiveCfg = Release|iPhoneSimulator
		{1E8944CA-1C75-4DCD-AE5F-16ED7366F87C}.Release|iPhoneSimulator.Build.0 = Release|iPhoneSimulator
		{1E8944CA-1C75-4DCD-AE5F-16ED7366F87C}.Release|iPhoneSimulator.Deploy.0 = Release|iPhoneSimulator
		{0D60CC85-4893-49CF-937D-54BA4A997D6A}.Debug|Any CPU.ActiveCfg = Debug|Any CPU
		{0D60CC85-4893-49CF-937D-54BA4A997D6A}.Debug|Any CPU.Build.0 = Debug|Any CPU
		{0D60CC85-4893-49CF-937D-54BA4A997D6A}.Debug|Any CPU.Deploy.0 = Debug|Any CPU
		{0D60CC85-4893-49CF-937D-54BA4A997D6A}.Debug|iPhone.ActiveCfg = Debug|Any CPU
		{0D60CC85-4893-49CF-937D-54BA4A997D6A}.Debug|iPhone.Build.0 = Debug|Any CPU
		{0D60CC85-4893-49CF-937D-54BA4A997D6A}.Debug|iPhone.Deploy.0 = Debug|Any CPU
		{0D60CC85-4893-49CF-937D-54BA4A997D6A}.Debug|iPhoneSimulator.ActiveCfg = Debug|Any CPU
		{0D60CC85-4893-49CF-937D-54BA4A997D6A}.Debug|iPhoneSimulator.Build.0 = Debug|Any CPU
		{0D60CC85-4893-49CF-937D-54BA4A997D6A}.Debug|iPhoneSimulator.Deploy.0 = Debug|Any CPU
		{0D60CC85-4893-49CF-937D-54BA4A997D6A}.Release|Any CPU.ActiveCfg = Release|Any CPU
		{0D60CC85-4893-49CF-937D-54BA4A997D6A}.Release|Any CPU.Build.0 = Release|Any CPU
		{0D60CC85-4893-49CF-937D-54BA4A997D6A}.Release|Any CPU.Deploy.0 = Release|Any CPU
		{0D60CC85-4893-49CF-937D-54BA4A997D6A}.Release|iPhone.ActiveCfg = Release|Any CPU
		{0D60CC85-4893-49CF-937D-54BA4A997D6A}.Release|iPhone.Build.0 = Release|Any CPU
		{0D60CC85-4893-49CF-937D-54BA4A997D6A}.Release|iPhone.Deploy.0 = Release|Any CPU
		{0D60CC85-4893-49CF-937D-54BA4A997D6A}.Release|iPhoneSimulator.ActiveCfg = Release|Any CPU
		{0D60CC85-4893-49CF-937D-54BA4A997D6A}.Release|iPhoneSimulator.Build.0 = Release|Any CPU
		{0D60CC85-4893-49CF-937D-54BA4A997D6A}.Release|iPhoneSimulator.Deploy.0 = Release|Any CPU
	EndGlobalSection
	GlobalSection(SolutionProperties) = preSolution
		HideSolutionNode = FALSE
	EndGlobalSection
	GlobalSection(ExtensibilityGlobals) = postSolution
		SolutionGuid = {3440014C-39E3-4C06-841F-94EFA9751ACE}
	EndGlobalSection
EndGlobal
